
Microsoft Visual Studio Solution File, Format Version 12.00
# Visual Studio Version 17
VisualStudioVersion = 17.2.32505.173
MinimumVisualStudioVersion = 10.0.40219.1
Project("{FAE04EC0-301F-11D3-BF4B-00C04F79EFBC}") = "WebApplication1", "WebApplication1.csproj", "{69BE86B8-5439-42ED-A256-739632F96108}"
EndProject
Global
	GlobalSection(SolutionConfigurationPlatforms) = preSolution
		Debug|Any CPU = Debug|Any CPU
		Release|Any CPU = Release|Any CPU
	EndGlobalSection
	GlobalSection(ProjectConfigurationPlatforms) = postSolution
		{69BE86B8-5439-42ED-A256-739632F96108}.Debug|Any CPU.ActiveCfg = Debug|Any CPU
		{69BE86B8-5439-42ED-A256-739632F96108}.Debug|Any CPU.Build.0 = Debug|Any CPU
		{69BE86B8-5439-42ED-A256-739632F96108}.Release|Any CPU.ActiveCfg = Release|Any CPU
		{69BE86B8-5439-42ED-A256-739632F96108}.Release|Any CPU.Build.0 = Release|Any CPU
	EndGlobalSection
	GlobalSection(SolutionProperties) = preSolution
		HideSolutionNode = FALSE
	EndGlobalSection
	GlobalSection(ExtensibilityGlobals) = postSolution
		SolutionGuid = {B449639D-034E-4C1A-85AE-EDF95868D5BD}
	EndGlobalSection
EndGlobal
